
Microsoft Visual Studio Solution File, Format Version 12.00
# Visual Studio Version 16
VisualStudioVersion = 16.0.31019.35
MinimumVisualStudioVersion = 10.0.40219.1
Project("{9A19103F-16F7-4668-BE54-9A1E7A4F7556}") = "GrpcService", "GrpcService\GrpcService.csproj", "{5C0816AA-E6FE-48AC-A211-D18C708219D1}"
EndProject
Project("{9092AA53-FB77-4645-B42D-1CCCA6BD08BD}") = "GrpcClient", "GrpcClient\GrpcClient.njsproj", "{7BCE6DC7-99A6-459E-814F-9FD3EF214A79}"
EndProject
Project("{E53339B2-1760-4266-BCC7-CA923CBCF16C}") = "docker-compose", "docker-compose.dcproj", "{88571A74-DBF9-47A4-BE6B-4731C09E3F11}"
EndProject
Project("{2150E333-8FDC-42A3-9474-1A3956D46DE8}") = "Solution Items", "Solution Items", "{66F53865-FB4A-4055-BB92-5C3ED42CA276}"
	ProjectSection(SolutionItems) = preProject
		README.md = README.md
	EndProjectSection
EndProject
Global
	GlobalSection(SolutionConfigurationPlatforms) = preSolution
		Debug|Any CPU = Debug|Any CPU
		Release|Any CPU = Release|Any CPU
	EndGlobalSection
	GlobalSection(ProjectConfigurationPlatforms) = postSolution
		{5C0816AA-E6FE-48AC-A211-D18C708219D1}.Debug|Any CPU.ActiveCfg = Debug|Any CPU
		{5C0816AA-E6FE-48AC-A211-D18C708219D1}.Debug|Any CPU.Build.0 = Debug|Any CPU
		{5C0816AA-E6FE-48AC-A211-D18C708219D1}.Release|Any CPU.ActiveCfg = Release|Any CPU
		{5C0816AA-E6FE-48AC-A211-D18C708219D1}.Release|Any CPU.Build.0 = Release|Any CPU
		{7BCE6DC7-99A6-459E-814F-9FD3EF214A79}.Debug|Any CPU.ActiveCfg = Debug|Any CPU
		{7BCE6DC7-99A6-459E-814F-9FD3EF214A79}.Debug|Any CPU.Build.0 = Debug|Any CPU
		{7BCE6DC7-99A6-459E-814F-9FD3EF214A79}.Release|Any CPU.ActiveCfg = Release|Any CPU
		{7BCE6DC7-99A6-459E-814F-9FD3EF214A79}.Release|Any CPU.Build.0 = Release|Any CPU
		{88571A74-DBF9-47A4-BE6B-4731C09E3F11}.Debug|Any CPU.ActiveCfg = Debug|Any CPU
		{88571A74-DBF9-47A4-BE6B-4731C09E3F11}.Debug|Any CPU.Build.0 = Debug|Any CPU
		{88571A74-DBF9-47A4-BE6B-4731C09E3F11}.Release|Any CPU.ActiveCfg = Release|Any CPU
		{88571A74-DBF9-47A4-BE6B-4731C09E3F11}.Release|Any CPU.Build.0 = Release|Any CPU
	EndGlobalSection
	GlobalSection(SolutionProperties) = preSolution
		HideSolutionNode = FALSE
	EndGlobalSection
	GlobalSection(ExtensibilityGlobals) = postSolution
		SolutionGuid = {9993AA18-0A49-4FF5-A790-E79EE186A733}
	EndGlobalSection
EndGlobal
